<?xml version="1.0" encoding="utf-8"?>
<Project ToolsVersion="4.0" xmlns="http://schemas.microsoft.com/developer/msbuild/2003">
  <ItemGroup>
    <ClCompile Include="..\..\..\addons\ofxGui\src\ofxBaseGui.cpp">
      <Filter>addons\ofxGui</Filter>
    </ClCompile>
    <ClCompile Include="..\..\..\addons\ofxGui\src\ofxButton.cpp">
      <Filter>addons\ofxGui</Filter>
    </ClCompile>
    <ClCompile Include="..\..\..\addons\ofxGui\src\ofxGuiGroup.cpp">
      <Filter>addons\ofxGui</Filter>
    </ClCompile>
    <ClCompile Include="..\..\..\addons\ofxGui\src\ofxLabel.cpp">
      <Filter>addons\ofxGui</Filter>
    </ClCompile>
    <ClCompile Include="..\..\..\addons\ofxGui\src\ofxPanel.cpp">
      <Filter>addons\ofxGui</Filter>
    </ClCompile>
    <ClCompile Include="..\..\..\addons\ofxGui\src\ofxSlider.cpp">
      <Filter>addons\ofxGui</Filter>
    </ClCompile>
    <ClCompile Include="..\..\..\addons\ofxGui\src\ofxSliderGroup.cpp">
      <Filter>addons\ofxGui</Filter>
    </ClCompile>
    <ClCompile Include="..\..\..\addons\ofxGui\src\ofxToggle.cpp">
      <Filter>addons\ofxGui</Filter>
    </ClCompile>
    <ClCompile Include="src\main.cpp">
      <Filter>src</Filter>
    </ClCompile>
    <ClCompile Include="src\IconlessPanel.cpp">
      <Filter>src</Filter>
    </ClCompile>
    <ClCompile Include="src\LabelWithShadow.cpp">
      <Filter>src</Filter>
    </ClCompile>
    <ClCompile Include="src\MovementTracker.cpp">
      <Filter>src</Filter>
    </ClCompile>
    <ClCompile Include="src\PortEntry.cpp">
      <Filter>src</Filter>
    </ClCompile>
    <ClCompile Include="src\PortPanel.cpp">
      <Filter>src</Filter>
    </ClCompile>
    <ClCompile Include="src\ServiceEntity.cpp">
      <Filter>src</Filter>
    </ClCompile>
    <ClCompile Include="src\ServiceViewerApp.cpp">
      <Filter>src</Filter>
    </ClCompile>
    <ClCompile Include="src\Utilities.cpp">
      <Filter>src</Filter>
    </ClCompile>
  </ItemGroup>
  <ItemGroup>
    <ClInclude Include="..\..\..\addons\ofxGui\src\ofxBaseGui.h">
      <Filter>addons\ofxGui</Filter>
    </ClInclude>
    <ClInclude Include="..\..\..\addons\ofxGui\src\ofxButton.h">
      <Filter>addons\ofxGui</Filter>
    </ClInclude>
    <ClInclude Include="..\..\..\addons\ofxGui\src\ofxGui.h">
      <Filter>addons\ofxGui</Filter>
    </ClInclude>
    <ClInclude Include="..\..\..\addons\ofxGui\src\ofxGuiGroup.h">
      <Filter>addons\ofxGui</Filter>
    </ClInclude>
    <ClInclude Include="..\..\..\addons\ofxGui\src\ofxLabel.h">
      <Filter>addons\ofxGui</Filter>
    </ClInclude>
    <ClInclude Include="..\..\..\addons\ofxGui\src\ofxPanel.h">
      <Filter>addons\ofxGui</Filter>
    </ClInclude>
    <ClInclude Include="..\..\..\addons\ofxGui\src\ofxSlider.h">
      <Filter>addons\ofxGui</Filter>
    </ClInclude>
    <ClInclude Include="..\..\..\addons\ofxGui\src\ofxSliderGroup.h">
      <Filter>addons\ofxGui</Filter>
    </ClInclude>
    <ClInclude Include="..\..\..\addons\ofxGui\src\ofxToggle.h">
      <Filter>addons\ofxGui</Filter>
    </ClInclude>
    <ClInclude Include="src\IconlessPanel.h">
      <Filter>src</Filter>
    </ClInclude>
    <ClInclude Include="src\LabelWithShadow.h">
      <Filter>src</Filter>
    </ClInclude>
    <ClInclude Include="src\MovementTracker.h">
      <Filter>src</Filter>
    </ClInclude>
    <ClInclude Include="src\PortEntry.h">
      <Filter>src</Filter>
    </ClInclude>
    <ClInclude Include="src\PortPanel.h">
      <Filter>src</Filter>
    </ClInclude>
    <ClInclude Include="src\ServiceEntity.h">
      <Filter>src</Filter>
    </ClInclude>
    <ClInclude Include="src\ServiceViewerApp.h">
      <Filter>src</Filter>
    </ClInclude>
    <ClInclude Include="src\Utilities.h">
      <Filter>src</Filter>
    </ClInclude>
  </ItemGroup>
  <ItemGroup>
    <Filter Include="addons">
      <UniqueIdentifier>{14881f04-edb9-46f2-8d77-8d84a3d49c62}</UniqueIdentifier>
    </Filter>
    <Filter Include="src">
      <UniqueIdentifier>{74410cb5-185c-4064-990d-1bad1cde7044}</UniqueIdentifier>
    </Filter>
    <Filter Include="addons\ofxGui">
      <UniqueIdentifier>{22314cfb-c298-497a-998a-6975e1936e28}</UniqueIdentifier>
    </Filter>
  </ItemGroup>
</Project>