// !$*UTF8*$!
{
	archiveVersion = 1;
	classes = {
	};
	objectVersion = 46;
	objects = {

/* Begin PBXBuildFile section */
		BBAB23CB13894F3D00AA2426 /* GLUT.framework in CopyFiles */ = {isa = PBXBuildFile; fileRef = BBAB23BE13894E4700AA2426 /* GLUT.framework */; };
		DF0ADB301A1A76430096548B /* libmpmCommon.dylib in Frameworks */ = {isa = PBXBuildFile; fileRef = DF0ADB2C1A1A76430096548B /* libmpmCommon.dylib */; };
		DF0ADB311A1A76430096548B /* libodLogging.dylib in Frameworks */ = {isa = PBXBuildFile; fileRef = DF0ADB2D1A1A76430096548B /* libodLogging.dylib */; };
		DF0ADB321A1A76430096548B /* libYARP_init.2.3.62.1.dylib in Frameworks */ = {isa = PBXBuildFile; fileRef = DF0ADB2E1A1A76430096548B /* libYARP_init.2.3.62.1.dylib */; };
		DF0ADB331A1A76430096548B /* libYARP_OS.2.3.62.1.dylib in Frameworks */ = {isa = PBXBuildFile; fileRef = DF0ADB2F1A1A76430096548B /* libYARP_OS.2.3.62.1.dylib */; };
		DF0B251619F96D2B001AEB0C /* BackgroundScanner.cpp in Sources */ = {isa = PBXBuildFile; fileRef = DF0B250319F96D2B001AEB0C /* BackgroundScanner.cpp */; };
		DF0B251719F96D2B001AEB0C /* IconlessPanel.cpp in Sources */ = {isa = PBXBuildFile; fileRef = DF0B250519F96D2B001AEB0C /* IconlessPanel.cpp */; };
		DF0B251819F96D2B001AEB0C /* LabelWithShadow.cpp in Sources */ = {isa = PBXBuildFile; fileRef = DF0B250719F96D2B001AEB0C /* LabelWithShadow.cpp */; };
		DF0B251919F96D2B001AEB0C /* MovementTracker.cpp in Sources */ = {isa = PBXBuildFile; fileRef = DF0B250919F96D2B001AEB0C /* MovementTracker.cpp */; };
		DF0B251A19F96D2B001AEB0C /* PortEntry.cpp in Sources */ = {isa = PBXBuildFile; fileRef = DF0B250B19F96D2B001AEB0C /* PortEntry.cpp */; };
		DF0B251B19F96D2B001AEB0C /* PortPanel.cpp in Sources */ = {isa = PBXBuildFile; fileRef = DF0B250D19F96D2B001AEB0C /* PortPanel.cpp */; };
		DF0B251C19F96D2B001AEB0C /* ServiceEntity.cpp in Sources */ = {isa = PBXBuildFile; fileRef = DF0B250F19F96D2B001AEB0C /* ServiceEntity.cpp */; };
		DF0B251D19F96D2B001AEB0C /* ServiceViewerApp.cpp in Sources */ = {isa = PBXBuildFile; fileRef = DF0B251119F96D2B001AEB0C /* ServiceViewerApp.cpp */; };
		DF0B251E19F96D2B001AEB0C /* ServiceViewerMain.cpp in Sources */ = {isa = PBXBuildFile; fileRef = DF0B251319F96D2B001AEB0C /* ServiceViewerMain.cpp */; };
		DF0B251F19F96D2B001AEB0C /* Utilities.cpp in Sources */ = {isa = PBXBuildFile; fileRef = DF0B251419F96D2B001AEB0C /* Utilities.cpp */; };
		DF0B253119F96E17001AEB0C /* ofxBaseGui.cpp in Sources */ = {isa = PBXBuildFile; fileRef = DF0B252019F96E17001AEB0C /* ofxBaseGui.cpp */; };
		DF0B253219F96E17001AEB0C /* ofxButton.cpp in Sources */ = {isa = PBXBuildFile; fileRef = DF0B252219F96E17001AEB0C /* ofxButton.cpp */; };
		DF0B253319F96E17001AEB0C /* ofxGuiGroup.cpp in Sources */ = {isa = PBXBuildFile; fileRef = DF0B252519F96E17001AEB0C /* ofxGuiGroup.cpp */; };
		DF0B253419F96E17001AEB0C /* ofxLabel.cpp in Sources */ = {isa = PBXBuildFile; fileRef = DF0B252719F96E17001AEB0C /* ofxLabel.cpp */; };
		DF0B253519F96E17001AEB0C /* ofxPanel.cpp in Sources */ = {isa = PBXBuildFile; fileRef = DF0B252919F96E17001AEB0C /* ofxPanel.cpp */; };
		DF0B253619F96E17001AEB0C /* ofxSlider.cpp in Sources */ = {isa = PBXBuildFile; fileRef = DF0B252B19F96E17001AEB0C /* ofxSlider.cpp */; };
		DF0B253719F96E17001AEB0C /* ofxSliderGroup.cpp in Sources */ = {isa = PBXBuildFile; fileRef = DF0B252D19F96E17001AEB0C /* ofxSliderGroup.cpp */; };
		DF0B253819F96E17001AEB0C /* ofxToggle.cpp in Sources */ = {isa = PBXBuildFile; fileRef = DF0B252F19F96E17001AEB0C /* ofxToggle.cpp */; };
		DF0B254919F979EC001AEB0C /* libstdc++.dylib in Frameworks */ = {isa = PBXBuildFile; fileRef = DF0B254819F979EC001AEB0C /* libstdc++.dylib */; };
		DF0B254B19F97A28001AEB0C /* libc++.dylib in Frameworks */ = {isa = PBXBuildFile; fileRef = DF0B254A19F97A28001AEB0C /* libc++.dylib */; };
		DF0B255F19FAE72A001AEB0C /* libACE.dylib in Frameworks */ = {isa = PBXBuildFile; fileRef = DF0B255E19FAE72A001AEB0C /* libACE.dylib */; };
		DF0B256019FAE782001AEB0C /* libOGDF.a in Frameworks */ = {isa = PBXBuildFile; fileRef = DF0B254F19FAAD6B001AEB0C /* libOGDF.a */; };
		E4328149138ABC9F0047C5CB /* openFrameworksDebug.a in Frameworks */ = {isa = PBXBuildFile; fileRef = E4328148138ABC890047C5CB /* openFrameworksDebug.a */; };
		E45BE97B0E8CC7DD009D7055 /* AGL.framework in Frameworks */ = {isa = PBXBuildFile; fileRef = E45BE9710E8CC7DD009D7055 /* AGL.framework */; };
		E45BE97C0E8CC7DD009D7055 /* ApplicationServices.framework in Frameworks */ = {isa = PBXBuildFile; fileRef = E45BE9720E8CC7DD009D7055 /* ApplicationServices.framework */; };
		E45BE97D0E8CC7DD009D7055 /* AudioToolbox.framework in Frameworks */ = {isa = PBXBuildFile; fileRef = E45BE9730E8CC7DD009D7055 /* AudioToolbox.framework */; };
		E45BE97F0E8CC7DD009D7055 /* CoreAudio.framework in Frameworks */ = {isa = PBXBuildFile; fileRef = E45BE9750E8CC7DD009D7055 /* CoreAudio.framework */; };
		E45BE9800E8CC7DD009D7055 /* CoreFoundation.framework in Frameworks */ = {isa = PBXBuildFile; fileRef = E45BE9760E8CC7DD009D7055 /* CoreFoundation.framework */; };
		E45BE9810E8CC7DD009D7055 /* CoreServices.framework in Frameworks */ = {isa = PBXBuildFile; fileRef = E45BE9770E8CC7DD009D7055 /* CoreServices.framework */; };
		E45BE9830E8CC7DD009D7055 /* OpenGL.framework in Frameworks */ = {isa = PBXBuildFile; fileRef = E45BE9790E8CC7DD009D7055 /* OpenGL.framework */; };
		E45BE9840E8CC7DD009D7055 /* QuickTime.framework in Frameworks */ = {isa = PBXBuildFile; fileRef = E45BE97A0E8CC7DD009D7055 /* QuickTime.framework */; };
		E4C2424710CC5A17004149E2 /* AppKit.framework in Frameworks */ = {isa = PBXBuildFile; fileRef = E4C2424410CC5A17004149E2 /* AppKit.framework */; };
		E4C2424810CC5A17004149E2 /* Cocoa.framework in Frameworks */ = {isa = PBXBuildFile; fileRef = E4C2424510CC5A17004149E2 /* Cocoa.framework */; };
		E4C2424910CC5A17004149E2 /* IOKit.framework in Frameworks */ = {isa = PBXBuildFile; fileRef = E4C2424610CC5A17004149E2 /* IOKit.framework */; };
		E4EB6799138ADC1D00A09F29 /* GLUT.framework in Frameworks */ = {isa = PBXBuildFile; fileRef = BBAB23BE13894E4700AA2426 /* GLUT.framework */; };
		E7E077E515D3B63C0020DFD4 /* CoreVideo.framework in Frameworks */ = {isa = PBXBuildFile; fileRef = E7E077E415D3B63C0020DFD4 /* CoreVideo.framework */; };
		E7E077E815D3B6510020DFD4 /* QTKit.framework in Frameworks */ = {isa = PBXBuildFile; fileRef = E7E077E715D3B6510020DFD4 /* QTKit.framework */; };
		E7F985F815E0DEA3003869B5 /* Accelerate.framework in Frameworks */ = {isa = PBXBuildFile; fileRef = E7F985F515E0DE99003869B5 /* Accelerate.framework */; };
/* End PBXBuildFile section */

/* Begin PBXContainerItemProxy section */
		E4328147138ABC890047C5CB /* PBXContainerItemProxy */ = {
			isa = PBXContainerItemProxy;
			containerPortal = E4328143138ABC890047C5CB /* openFrameworksLib.xcodeproj */;
			proxyType = 2;
			remoteGlobalIDString = E4B27C1510CBEB8E00536013;
			remoteInfo = openFrameworks;
		};
		E4EEB9AB138B136A00A80321 /* PBXContainerItemProxy */ = {
			isa = PBXContainerItemProxy;
			containerPortal = E4328143138ABC890047C5CB /* openFrameworksLib.xcodeproj */;
			proxyType = 1;
			remoteGlobalIDString = E4B27C1410CBEB8E00536013;
			remoteInfo = openFrameworks;
		};
/* End PBXContainerItemProxy section */

/* Begin PBXCopyFilesBuildPhase section */
		E4C2427710CC5ABF004149E2 /* CopyFiles */ = {
			isa = PBXCopyFilesBuildPhase;
			buildActionMask = 2147483647;
			dstPath = "";
			dstSubfolderSpec = 10;
			files = (
				BBAB23CB13894F3D00AA2426 /* GLUT.framework in CopyFiles */,
			);
			runOnlyForDeploymentPostprocessing = 0;
		};
/* End PBXCopyFilesBuildPhase section */

/* Begin PBXFileReference section */
		BBAB23BE13894E4700AA2426 /* GLUT.framework */ = {isa = PBXFileReference; lastKnownFileType = wrapper.framework; name = GLUT.framework; path = ../../../libs/glut/lib/osx/GLUT.framework; sourceTree = "<group>"; };
		DF0ADB2C1A1A76430096548B /* libmpmCommon.dylib */ = {isa = PBXFileReference; lastKnownFileType = "compiled.mach-o.dylib"; name = libmpmCommon.dylib; path = "/opt/M+M/lib/libmpmCommon.dylib"; sourceTree = "<absolute>"; };
		DF0ADB2D1A1A76430096548B /* libodLogging.dylib */ = {isa = PBXFileReference; lastKnownFileType = "compiled.mach-o.dylib"; name = libodLogging.dylib; path = "/opt/M+M/lib/libodLogging.dylib"; sourceTree = "<absolute>"; };
		DF0ADB2E1A1A76430096548B /* libYARP_init.2.3.62.1.dylib */ = {isa = PBXFileReference; lastKnownFileType = "compiled.mach-o.dylib"; name = libYARP_init.2.3.62.1.dylib; path = "/opt/M+M/lib/libYARP_init.2.3.62.1.dylib"; sourceTree = "<absolute>"; };
		DF0ADB2F1A1A76430096548B /* libYARP_OS.2.3.62.1.dylib */ = {isa = PBXFileReference; lastKnownFileType = "compiled.mach-o.dylib"; name = libYARP_OS.2.3.62.1.dylib; path = "/opt/M+M/lib/libYARP_OS.2.3.62.1.dylib"; sourceTree = "<absolute>"; };
		DF0B250319F96D2B001AEB0C /* BackgroundScanner.cpp */ = {isa = PBXFileReference; fileEncoding = 4; lastKnownFileType = sourcecode.cpp.cpp; path = BackgroundScanner.cpp; sourceTree = "<group>"; };
		DF0B250419F96D2B001AEB0C /* BackgroundScanner.h */ = {isa = PBXFileReference; fileEncoding = 4; lastKnownFileType = sourcecode.c.h; path = BackgroundScanner.h; sourceTree = "<group>"; };
		DF0B250519F96D2B001AEB0C /* IconlessPanel.cpp */ = {isa = PBXFileReference; fileEncoding = 4; lastKnownFileType = sourcecode.cpp.cpp; path = IconlessPanel.cpp; sourceTree = "<group>"; };
		DF0B250619F96D2B001AEB0C /* IconlessPanel.h */ = {isa = PBXFileReference; fileEncoding = 4; lastKnownFileType = sourcecode.c.h; path = IconlessPanel.h; sourceTree = "<group>"; };
		DF0B250719F96D2B001AEB0C /* LabelWithShadow.cpp */ = {isa = PBXFileReference; fileEncoding = 4; lastKnownFileType = sourcecode.cpp.cpp; path = LabelWithShadow.cpp; sourceTree = "<group>"; };
		DF0B250819F96D2B001AEB0C /* LabelWithShadow.h */ = {isa = PBXFileReference; fileEncoding = 4; lastKnownFileType = sourcecode.c.h; path = LabelWithShadow.h; sourceTree = "<group>"; };
		DF0B250919F96D2B001AEB0C /* MovementTracker.cpp */ = {isa = PBXFileReference; fileEncoding = 4; lastKnownFileType = sourcecode.cpp.cpp; path = MovementTracker.cpp; sourceTree = "<group>"; };
		DF0B250A19F96D2B001AEB0C /* MovementTracker.h */ = {isa = PBXFileReference; fileEncoding = 4; lastKnownFileType = sourcecode.c.h; path = MovementTracker.h; sourceTree = "<group>"; };
		DF0B250B19F96D2B001AEB0C /* PortEntry.cpp */ = {isa = PBXFileReference; fileEncoding = 4; lastKnownFileType = sourcecode.cpp.cpp; path = PortEntry.cpp; sourceTree = "<group>"; };
		DF0B250C19F96D2B001AEB0C /* PortEntry.h */ = {isa = PBXFileReference; fileEncoding = 4; lastKnownFileType = sourcecode.c.h; path = PortEntry.h; sourceTree = "<group>"; };
		DF0B250D19F96D2B001AEB0C /* PortPanel.cpp */ = {isa = PBXFileReference; fileEncoding = 4; lastKnownFileType = sourcecode.cpp.cpp; path = PortPanel.cpp; sourceTree = "<group>"; };
		DF0B250E19F96D2B001AEB0C /* PortPanel.h */ = {isa = PBXFileReference; fileEncoding = 4; lastKnownFileType = sourcecode.c.h; path = PortPanel.h; sourceTree = "<group>"; };
		DF0B250F19F96D2B001AEB0C /* ServiceEntity.cpp */ = {isa = PBXFileReference; fileEncoding = 4; lastKnownFileType = sourcecode.cpp.cpp; path = ServiceEntity.cpp; sourceTree = "<group>"; };
		DF0B251019F96D2B001AEB0C /* ServiceEntity.h */ = {isa = PBXFileReference; fileEncoding = 4; lastKnownFileType = sourcecode.c.h; path = ServiceEntity.h; sourceTree = "<group>"; };
		DF0B251119F96D2B001AEB0C /* ServiceViewerApp.cpp */ = {isa = PBXFileReference; fileEncoding = 4; lastKnownFileType = sourcecode.cpp.cpp; path = ServiceViewerApp.cpp; sourceTree = "<group>"; };
		DF0B251219F96D2B001AEB0C /* ServiceViewerApp.h */ = {isa = PBXFileReference; fileEncoding = 4; lastKnownFileType = sourcecode.c.h; path = ServiceViewerApp.h; sourceTree = "<group>"; };
		DF0B251319F96D2B001AEB0C /* ServiceViewerMain.cpp */ = {isa = PBXFileReference; fileEncoding = 4; lastKnownFileType = sourcecode.cpp.cpp; path = ServiceViewerMain.cpp; sourceTree = "<group>"; };
		DF0B251419F96D2B001AEB0C /* Utilities.cpp */ = {isa = PBXFileReference; fileEncoding = 4; lastKnownFileType = sourcecode.cpp.cpp; path = Utilities.cpp; sourceTree = "<group>"; };
		DF0B251519F96D2B001AEB0C /* Utilities.h */ = {isa = PBXFileReference; fileEncoding = 4; lastKnownFileType = sourcecode.c.h; path = Utilities.h; sourceTree = "<group>"; };
		DF0B252019F96E17001AEB0C /* ofxBaseGui.cpp */ = {isa = PBXFileReference; fileEncoding = 4; lastKnownFileType = sourcecode.cpp.cpp; name = ofxBaseGui.cpp; path = ../../../addons/ofxGui/src/ofxBaseGui.cpp; sourceTree = "<group>"; };
		DF0B252119F96E17001AEB0C /* ofxBaseGui.h */ = {isa = PBXFileReference; fileEncoding = 4; lastKnownFileType = sourcecode.c.h; name = ofxBaseGui.h; path = ../../../addons/ofxGui/src/ofxBaseGui.h; sourceTree = "<group>"; };
		DF0B252219F96E17001AEB0C /* ofxButton.cpp */ = {isa = PBXFileReference; fileEncoding = 4; lastKnownFileType = sourcecode.cpp.cpp; name = ofxButton.cpp; path = ../../../addons/ofxGui/src/ofxButton.cpp; sourceTree = "<group>"; };
		DF0B252319F96E17001AEB0C /* ofxButton.h */ = {isa = PBXFileReference; fileEncoding = 4; lastKnownFileType = sourcecode.c.h; name = ofxButton.h; path = ../../../addons/ofxGui/src/ofxButton.h; sourceTree = "<group>"; };
		DF0B252419F96E17001AEB0C /* ofxGui.h */ = {isa = PBXFileReference; fileEncoding = 4; lastKnownFileType = sourcecode.c.h; name = ofxGui.h; path = ../../../addons/ofxGui/src/ofxGui.h; sourceTree = "<group>"; };
		DF0B252519F96E17001AEB0C /* ofxGuiGroup.cpp */ = {isa = PBXFileReference; fileEncoding = 4; lastKnownFileType = sourcecode.cpp.cpp; name = ofxGuiGroup.cpp; path = ../../../addons/ofxGui/src/ofxGuiGroup.cpp; sourceTree = "<group>"; };
		DF0B252619F96E17001AEB0C /* ofxGuiGroup.h */ = {isa = PBXFileReference; fileEncoding = 4; lastKnownFileType = sourcecode.c.h; name = ofxGuiGroup.h; path = ../../../addons/ofxGui/src/ofxGuiGroup.h; sourceTree = "<group>"; };
		DF0B252719F96E17001AEB0C /* ofxLabel.cpp */ = {isa = PBXFileReference; fileEncoding = 4; lastKnownFileType = sourcecode.cpp.cpp; name = ofxLabel.cpp; path = ../../../addons/ofxGui/src/ofxLabel.cpp; sourceTree = "<group>"; };
		DF0B252819F96E17001AEB0C /* ofxLabel.h */ = {isa = PBXFileReference; fileEncoding = 4; lastKnownFileType = sourcecode.c.h; name = ofxLabel.h; path = ../../../addons/ofxGui/src/ofxLabel.h; sourceTree = "<group>"; };
		DF0B252919F96E17001AEB0C /* ofxPanel.cpp */ = {isa = PBXFileReference; fileEncoding = 4; lastKnownFileType = sourcecode.cpp.cpp; name = ofxPanel.cpp; path = ../../../addons/ofxGui/src/ofxPanel.cpp; sourceTree = "<group>"; };
		DF0B252A19F96E17001AEB0C /* ofxPanel.h */ = {isa = PBXFileReference; fileEncoding = 4; lastKnownFileType = sourcecode.c.h; name = ofxPanel.h; path = ../../../addons/ofxGui/src/ofxPanel.h; sourceTree = "<group>"; };
		DF0B252B19F96E17001AEB0C /* ofxSlider.cpp */ = {isa = PBXFileReference; fileEncoding = 4; lastKnownFileType = sourcecode.cpp.cpp; name = ofxSlider.cpp; path = ../../../addons/ofxGui/src/ofxSlider.cpp; sourceTree = "<group>"; };
		DF0B252C19F96E17001AEB0C /* ofxSlider.h */ = {isa = PBXFileReference; fileEncoding = 4; lastKnownFileType = sourcecode.c.h; name = ofxSlider.h; path = ../../../addons/ofxGui/src/ofxSlider.h; sourceTree = "<group>"; };
		DF0B252D19F96E17001AEB0C /* ofxSliderGroup.cpp */ = {isa = PBXFileReference; fileEncoding = 4; lastKnownFileType = sourcecode.cpp.cpp; name = ofxSliderGroup.cpp; path = ../../../addons/ofxGui/src/ofxSliderGroup.cpp; sourceTree = "<group>"; };
		DF0B252E19F96E17001AEB0C /* ofxSliderGroup.h */ = {isa = PBXFileReference; fileEncoding = 4; lastKnownFileType = sourcecode.c.h; name = ofxSliderGroup.h; path = ../../../addons/ofxGui/src/ofxSliderGroup.h; sourceTree = "<group>"; };
		DF0B252F19F96E17001AEB0C /* ofxToggle.cpp */ = {isa = PBXFileReference; fileEncoding = 4; lastKnownFileType = sourcecode.cpp.cpp; name = ofxToggle.cpp; path = ../../../addons/ofxGui/src/ofxToggle.cpp; sourceTree = "<group>"; };
		DF0B253019F96E17001AEB0C /* ofxToggle.h */ = {isa = PBXFileReference; fileEncoding = 4; lastKnownFileType = sourcecode.c.h; name = ofxToggle.h; path = ../../../addons/ofxGui/src/ofxToggle.h; sourceTree = "<group>"; };
		DF0B254819F979EC001AEB0C /* libstdc++.dylib */ = {isa = PBXFileReference; lastKnownFileType = "compiled.mach-o.dylib"; name = "libstdc++.dylib"; path = "usr/lib/libstdc++.dylib"; sourceTree = SDKROOT; };
		DF0B254A19F97A28001AEB0C /* libc++.dylib */ = {isa = PBXFileReference; lastKnownFileType = "compiled.mach-o.dylib"; name = "libc++.dylib"; path = "usr/lib/libc++.dylib"; sourceTree = SDKROOT; };
		DF0B254F19FAAD6B001AEB0C /* libOGDF.a */ = {isa = PBXFileReference; lastKnownFileType = archive.ar; name = libOGDF.a; path = "/opt/M+M/lib/libOGDF.a"; sourceTree = "<absolute>"; };
		DF0B255E19FAE72A001AEB0C /* libACE.dylib */ = {isa = PBXFileReference; lastKnownFileType = "compiled.mach-o.dylib"; name = libACE.dylib; path = "/opt/M+M/lib/libACE.dylib"; sourceTree = "<absolute>"; };
		E4328143138ABC890047C5CB /* openFrameworksLib.xcodeproj */ = {isa = PBXFileReference; lastKnownFileType = "wrapper.pb-project"; name = openFrameworksLib.xcodeproj; path = ../../../libs/openFrameworksCompiled/project/osx/openFrameworksLib.xcodeproj; sourceTree = SOURCE_ROOT; };
		E45BE9710E8CC7DD009D7055 /* AGL.framework */ = {isa = PBXFileReference; lastKnownFileType = wrapper.framework; name = AGL.framework; path = /System/Library/Frameworks/AGL.framework; sourceTree = "<absolute>"; };
		E45BE9720E8CC7DD009D7055 /* ApplicationServices.framework */ = {isa = PBXFileReference; lastKnownFileType = wrapper.framework; name = ApplicationServices.framework; path = /System/Library/Frameworks/ApplicationServices.framework; sourceTree = "<absolute>"; };
		E45BE9730E8CC7DD009D7055 /* AudioToolbox.framework */ = {isa = PBXFileReference; lastKnownFileType = wrapper.framework; name = AudioToolbox.framework; path = /System/Library/Frameworks/AudioToolbox.framework; sourceTree = "<absolute>"; };
		E45BE9750E8CC7DD009D7055 /* CoreAudio.framework */ = {isa = PBXFileReference; lastKnownFileType = wrapper.framework; name = CoreAudio.framework; path = /System/Library/Frameworks/CoreAudio.framework; sourceTree = "<absolute>"; };
		E45BE9760E8CC7DD009D7055 /* CoreFoundation.framework */ = {isa = PBXFileReference; lastKnownFileType = wrapper.framework; name = CoreFoundation.framework; path = /System/Library/Frameworks/CoreFoundation.framework; sourceTree = "<absolute>"; };
		E45BE9770E8CC7DD009D7055 /* CoreServices.framework */ = {isa = PBXFileReference; lastKnownFileType = wrapper.framework; name = CoreServices.framework; path = /System/Library/Frameworks/CoreServices.framework; sourceTree = "<absolute>"; };
		E45BE9790E8CC7DD009D7055 /* OpenGL.framework */ = {isa = PBXFileReference; lastKnownFileType = wrapper.framework; name = OpenGL.framework; path = /System/Library/Frameworks/OpenGL.framework; sourceTree = "<absolute>"; };
		E45BE97A0E8CC7DD009D7055 /* QuickTime.framework */ = {isa = PBXFileReference; lastKnownFileType = wrapper.framework; name = QuickTime.framework; path = /System/Library/Frameworks/QuickTime.framework; sourceTree = "<absolute>"; };
		E4B69B5B0A3A1756003C02F2 /* ServiceViewerDebug.app */ = {isa = PBXFileReference; explicitFileType = wrapper.application; includeInIndex = 0; path = ServiceViewerDebug.app; sourceTree = BUILT_PRODUCTS_DIR; };
		E4B6FCAD0C3E899E008CF71C /* openFrameworks-Info.plist */ = {isa = PBXFileReference; fileEncoding = 30; lastKnownFileType = text.plist.xml; path = "openFrameworks-Info.plist"; sourceTree = "<group>"; };
		E4C2424410CC5A17004149E2 /* AppKit.framework */ = {isa = PBXFileReference; lastKnownFileType = wrapper.framework; name = AppKit.framework; path = /System/Library/Frameworks/AppKit.framework; sourceTree = "<absolute>"; };
		E4C2424510CC5A17004149E2 /* Cocoa.framework */ = {isa = PBXFileReference; lastKnownFileType = wrapper.framework; name = Cocoa.framework; path = /System/Library/Frameworks/Cocoa.framework; sourceTree = "<absolute>"; };
		E4C2424610CC5A17004149E2 /* IOKit.framework */ = {isa = PBXFileReference; lastKnownFileType = wrapper.framework; name = IOKit.framework; path = /System/Library/Frameworks/IOKit.framework; sourceTree = "<absolute>"; };
		E4EB691F138AFCF100A09F29 /* CoreOF.xcconfig */ = {isa = PBXFileReference; fileEncoding = 4; lastKnownFileType = text.xcconfig; name = CoreOF.xcconfig; path = ../../../libs/openFrameworksCompiled/project/osx/CoreOF.xcconfig; sourceTree = SOURCE_ROOT; };
		E4EB6923138AFD0F00A09F29 /* Project.xcconfig */ = {isa = PBXFileReference; fileEncoding = 4; lastKnownFileType = text.xcconfig; path = Project.xcconfig; sourceTree = "<group>"; };
		E7E077E415D3B63C0020DFD4 /* CoreVideo.framework */ = {isa = PBXFileReference; lastKnownFileType = wrapper.framework; name = CoreVideo.framework; path = /System/Library/Frameworks/CoreVideo.framework; sourceTree = "<absolute>"; };
		E7E077E715D3B6510020DFD4 /* QTKit.framework */ = {isa = PBXFileReference; lastKnownFileType = wrapper.framework; name = QTKit.framework; path = /System/Library/Frameworks/QTKit.framework; sourceTree = "<absolute>"; };
		E7F985F515E0DE99003869B5 /* Accelerate.framework */ = {isa = PBXFileReference; lastKnownFileType = wrapper.framework; name = Accelerate.framework; path = /System/Library/Frameworks/Accelerate.framework; sourceTree = "<absolute>"; };
/* End PBXFileReference section */

/* Begin PBXFrameworksBuildPhase section */
		E4B69B590A3A1756003C02F2 /* Frameworks */ = {
			isa = PBXFrameworksBuildPhase;
			buildActionMask = 2147483647;
			files = (
				DF0ADB321A1A76430096548B /* libYARP_init.2.3.62.1.dylib in Frameworks */,
				DF0B256019FAE782001AEB0C /* libOGDF.a in Frameworks */,
				DF0B255F19FAE72A001AEB0C /* libACE.dylib in Frameworks */,
				DF0B254919F979EC001AEB0C /* libstdc++.dylib in Frameworks */,
				DF0B254B19F97A28001AEB0C /* libc++.dylib in Frameworks */,
				E7F985F815E0DEA3003869B5 /* Accelerate.framework in Frameworks */,
				E7E077E815D3B6510020DFD4 /* QTKit.framework in Frameworks */,
				E4EB6799138ADC1D00A09F29 /* GLUT.framework in Frameworks */,
				E4328149138ABC9F0047C5CB /* openFrameworksDebug.a in Frameworks */,
				E45BE97B0E8CC7DD009D7055 /* AGL.framework in Frameworks */,
				DF0ADB301A1A76430096548B /* libmpmCommon.dylib in Frameworks */,
				E45BE97C0E8CC7DD009D7055 /* ApplicationServices.framework in Frameworks */,
				E45BE97D0E8CC7DD009D7055 /* AudioToolbox.framework in Frameworks */,
				E45BE97F0E8CC7DD009D7055 /* CoreAudio.framework in Frameworks */,
				E45BE9800E8CC7DD009D7055 /* CoreFoundation.framework in Frameworks */,
				E45BE9810E8CC7DD009D7055 /* CoreServices.framework in Frameworks */,
				DF0ADB311A1A76430096548B /* libodLogging.dylib in Frameworks */,
				E45BE9830E8CC7DD009D7055 /* OpenGL.framework in Frameworks */,
				DF0ADB331A1A76430096548B /* libYARP_OS.2.3.62.1.dylib in Frameworks */,
				E45BE9840E8CC7DD009D7055 /* QuickTime.framework in Frameworks */,
				E4C2424710CC5A17004149E2 /* AppKit.framework in Frameworks */,
				E4C2424810CC5A17004149E2 /* Cocoa.framework in Frameworks */,
				E4C2424910CC5A17004149E2 /* IOKit.framework in Frameworks */,
				E7E077E515D3B63C0020DFD4 /* CoreVideo.framework in Frameworks */,
			);
			runOnlyForDeploymentPostprocessing = 0;
		};
/* End PBXFrameworksBuildPhase section */

/* Begin PBXGroup section */
		BB4B014C10F69532006C3DED /* addons */ = {
			isa = PBXGroup;
			children = (
				DF0B253919F96E1C001AEB0C /* ofxGui */,
			);
			name = addons;
			sourceTree = "<group>";
		};
		BBAB23C913894ECA00AA2426 /* system frameworks */ = {
			isa = PBXGroup;
			children = (
				E7F985F515E0DE99003869B5 /* Accelerate.framework */,
				E4C2424410CC5A17004149E2 /* AppKit.framework */,
				E4C2424510CC5A17004149E2 /* Cocoa.framework */,
				E4C2424610CC5A17004149E2 /* IOKit.framework */,
				E45BE9710E8CC7DD009D7055 /* AGL.framework */,
				E45BE9720E8CC7DD009D7055 /* ApplicationServices.framework */,
				E45BE9730E8CC7DD009D7055 /* AudioToolbox.framework */,
				E45BE9750E8CC7DD009D7055 /* CoreAudio.framework */,
				E45BE9760E8CC7DD009D7055 /* CoreFoundation.framework */,
				E45BE9770E8CC7DD009D7055 /* CoreServices.framework */,
				E45BE9790E8CC7DD009D7055 /* OpenGL.framework */,
				E45BE97A0E8CC7DD009D7055 /* QuickTime.framework */,
				E7E077E415D3B63C0020DFD4 /* CoreVideo.framework */,
				E7E077E715D3B6510020DFD4 /* QTKit.framework */,
			);
			name = "system frameworks";
			sourceTree = "<group>";
		};
		BBAB23CA13894EDB00AA2426 /* 3rd party frameworks */ = {
			isa = PBXGroup;
			children = (
				BBAB23BE13894E4700AA2426 /* GLUT.framework */,
			);
			name = "3rd party frameworks";
			sourceTree = "<group>";
		};
		DF0B253919F96E1C001AEB0C /* ofxGui */ = {
			isa = PBXGroup;
			children = (
				DF0B252019F96E17001AEB0C /* ofxBaseGui.cpp */,
				DF0B252119F96E17001AEB0C /* ofxBaseGui.h */,
				DF0B252219F96E17001AEB0C /* ofxButton.cpp */,
				DF0B252319F96E17001AEB0C /* ofxButton.h */,
				DF0B252419F96E17001AEB0C /* ofxGui.h */,
				DF0B252519F96E17001AEB0C /* ofxGuiGroup.cpp */,
				DF0B252619F96E17001AEB0C /* ofxGuiGroup.h */,
				DF0B252719F96E17001AEB0C /* ofxLabel.cpp */,
				DF0B252819F96E17001AEB0C /* ofxLabel.h */,
				DF0B252919F96E17001AEB0C /* ofxPanel.cpp */,
				DF0B252A19F96E17001AEB0C /* ofxPanel.h */,
				DF0B252B19F96E17001AEB0C /* ofxSlider.cpp */,
				DF0B252C19F96E17001AEB0C /* ofxSlider.h */,
				DF0B252D19F96E17001AEB0C /* ofxSliderGroup.cpp */,
				DF0B252E19F96E17001AEB0C /* ofxSliderGroup.h */,
				DF0B252F19F96E17001AEB0C /* ofxToggle.cpp */,
				DF0B253019F96E17001AEB0C /* ofxToggle.h */,
			);
			name = ofxGui;
			sourceTree = "<group>";
		};
		DF0B253A19F96E89001AEB0C /* Libraries */ = {
			isa = PBXGroup;
			children = (
				DF0B254A19F97A28001AEB0C /* libc++.dylib */,
				DF0B254819F979EC001AEB0C /* libstdc++.dylib */,
				DF0ADB2C1A1A76430096548B /* libmpmCommon.dylib */,
				DF0ADB2D1A1A76430096548B /* libodLogging.dylib */,
				DF0ADB2E1A1A76430096548B /* libYARP_init.2.3.62.1.dylib */,
				DF0ADB2F1A1A76430096548B /* libYARP_OS.2.3.62.1.dylib */,
				DF0B255E19FAE72A001AEB0C /* libACE.dylib */,
				DF0B254F19FAAD6B001AEB0C /* libOGDF.a */,
			);
			name = Libraries;
			sourceTree = "<group>";
		};
		E4328144138ABC890047C5CB /* Products */ = {
			isa = PBXGroup;
			children = (
				E4328148138ABC890047C5CB /* openFrameworksDebug.a */,
			);
			name = Products;
			sourceTree = "<group>";
		};
		E45BE5980E8CC70C009D7055 /* frameworks */ = {
			isa = PBXGroup;
			children = (
				BBAB23CA13894EDB00AA2426 /* 3rd party frameworks */,
				BBAB23C913894ECA00AA2426 /* system frameworks */,
			);
			name = frameworks;
			sourceTree = "<group>";
		};
		E4B69B4A0A3A1720003C02F2 = {
			isa = PBXGroup;
			children = (
				DF0B253A19F96E89001AEB0C /* Libraries */,
				E4B6FCAD0C3E899E008CF71C /* openFrameworks-Info.plist */,
				E4EB6923138AFD0F00A09F29 /* Project.xcconfig */,
				E4B69E1C0A3A1BDC003C02F2 /* src */,
				E4EEC9E9138DF44700A80321 /* openFrameworks */,
				BB4B014C10F69532006C3DED /* addons */,
				E45BE5980E8CC70C009D7055 /* frameworks */,
				E4B69B5B0A3A1756003C02F2 /* ServiceViewerDebug.app */,
			);
			sourceTree = "<group>";
		};
		E4B69E1C0A3A1BDC003C02F2 /* src */ = {
			isa = PBXGroup;
			children = (
				DF0B250319F96D2B001AEB0C /* BackgroundScanner.cpp */,
				DF0B250419F96D2B001AEB0C /* BackgroundScanner.h */,
				DF0B250519F96D2B001AEB0C /* IconlessPanel.cpp */,
				DF0B250619F96D2B001AEB0C /* IconlessPanel.h */,
				DF0B250719F96D2B001AEB0C /* LabelWithShadow.cpp */,
				DF0B250819F96D2B001AEB0C /* LabelWithShadow.h */,
				DF0B250919F96D2B001AEB0C /* MovementTracker.cpp */,
				DF0B250A19F96D2B001AEB0C /* MovementTracker.h */,
				DF0B250B19F96D2B001AEB0C /* PortEntry.cpp */,
				DF0B250C19F96D2B001AEB0C /* PortEntry.h */,
				DF0B250D19F96D2B001AEB0C /* PortPanel.cpp */,
				DF0B250E19F96D2B001AEB0C /* PortPanel.h */,
				DF0B250F19F96D2B001AEB0C /* ServiceEntity.cpp */,
				DF0B251019F96D2B001AEB0C /* ServiceEntity.h */,
				DF0B251119F96D2B001AEB0C /* ServiceViewerApp.cpp */,
				DF0B251219F96D2B001AEB0C /* ServiceViewerApp.h */,
				DF0B251319F96D2B001AEB0C /* ServiceViewerMain.cpp */,
				DF0B251419F96D2B001AEB0C /* Utilities.cpp */,
				DF0B251519F96D2B001AEB0C /* Utilities.h */,
			);
			path = src;
			sourceTree = SOURCE_ROOT;
		};
		E4EEC9E9138DF44700A80321 /* openFrameworks */ = {
			isa = PBXGroup;
			children = (
				E4EB691F138AFCF100A09F29 /* CoreOF.xcconfig */,
				E4328143138ABC890047C5CB /* openFrameworksLib.xcodeproj */,
			);
			name = openFrameworks;
			sourceTree = "<group>";
		};
/* End PBXGroup section */

/* Begin PBXNativeTarget section */
		E4B69B5A0A3A1756003C02F2 /* ServiceViewer */ = {
			isa = PBXNativeTarget;
			buildConfigurationList = E4B69B5F0A3A1757003C02F2 /* Build configuration list for PBXNativeTarget "ServiceViewer" */;
			buildPhases = (
				E4B69B580A3A1756003C02F2 /* Sources */,
				E4B69B590A3A1756003C02F2 /* Frameworks */,
				E4B6FFFD0C3F9AB9008CF71C /* ShellScript */,
				E4C2427710CC5ABF004149E2 /* CopyFiles */,
			);
			buildRules = (
			);
			dependencies = (
				E4EEB9AC138B136A00A80321 /* PBXTargetDependency */,
			);
			name = ServiceViewer;
			productName = myOFApp;
			productReference = E4B69B5B0A3A1756003C02F2 /* ServiceViewerDebug.app */;
			productType = "com.apple.product-type.application";
		};
/* End PBXNativeTarget section */

/* Begin PBXProject section */
		E4B69B4C0A3A1720003C02F2 /* Project object */ = {
			isa = PBXProject;
			attributes = {
				LastUpgradeCheck = 0460;
			};
			buildConfigurationList = E4B69B4D0A3A1720003C02F2 /* Build configuration list for PBXProject "ServiceViewer" */;
			compatibilityVersion = "Xcode 3.2";
			developmentRegion = English;
			hasScannedForEncodings = 0;
			knownRegions = (
				English,
				Japanese,
				French,
				German,
			);
			mainGroup = E4B69B4A0A3A1720003C02F2;
			productRefGroup = E4B69B4A0A3A1720003C02F2;
			projectDirPath = "";
			projectReferences = (
				{
					ProductGroup = E4328144138ABC890047C5CB /* Products */;
					ProjectRef = E4328143138ABC890047C5CB /* openFrameworksLib.xcodeproj */;
				},
			);
			projectRoot = "";
			targets = (
				E4B69B5A0A3A1756003C02F2 /* ServiceViewer */,
			);
		};
/* End PBXProject section */

/* Begin PBXReferenceProxy section */
		E4328148138ABC890047C5CB /* openFrameworksDebug.a */ = {
			isa = PBXReferenceProxy;
			fileType = archive.ar;
			path = openFrameworksDebug.a;
			remoteRef = E4328147138ABC890047C5CB /* PBXContainerItemProxy */;
			sourceTree = BUILT_PRODUCTS_DIR;
		};
/* End PBXReferenceProxy section */

/* Begin PBXShellScriptBuildPhase section */
		E4B6FFFD0C3F9AB9008CF71C /* ShellScript */ = {
			isa = PBXShellScriptBuildPhase;
			buildActionMask = 2147483647;
			files = (
			);
			inputPaths = (
			);
			outputPaths = (
			);
			runOnlyForDeploymentPostprocessing = 0;
			shellPath = /bin/sh;
			shellScript = "cp -f ../../../libs/fmodex/lib/osx/libfmodex.dylib \"$TARGET_BUILD_DIR/$PRODUCT_NAME.app/Contents/MacOS/libfmodex.dylib\"; install_name_tool -change ./libfmodex.dylib @executable_path/libfmodex.dylib \"$TARGET_BUILD_DIR/$PRODUCT_NAME.app/Contents/MacOS/$PRODUCT_NAME\"\ninstall_name_tool -change libACE.dylib \"@rpath/libACE.dylib\" \"$TARGET_BUILD_DIR/$PRODUCT_NAME.app/Contents/MacOS/$PRODUCT_NAME\"\ninstall_name_tool -change libYARP_OS.1.dylib \"@rpath/libYARP_OS.1.dylib\" \"$TARGET_BUILD_DIR/$PRODUCT_NAME.app/Contents/MacOS/$PRODUCT_NAME\"\ninstall_name_tool -change libYARP_init.1.dylib \"@rpath/libYARP_init.1.dylib\" \"$TARGET_BUILD_DIR/$PRODUCT_NAME.app/Contents/MacOS/$PRODUCT_NAME\"\ninstall_name_tool -change libYARP_sig.1.dylib \"@rpath/libYARP_sig.1.dylib\" \"$TARGET_BUILD_DIR/$PRODUCT_NAME.app/Contents/MacOS/$PRODUCT_NAME\"\ninstall_name_tool -change libYARP_dev.1.dylib \"@rpath/libYARP_dev.1.dylib\" \"$TARGET_BUILD_DIR/$PRODUCT_NAME.app/Contents/MacOS/$PRODUCT_NAME\"\ninstall_name_tool -change libYARP_name.1.dylib \"@rpath/libYARP_name.1.dylib\" \"$TARGET_BUILD_DIR/$PRODUCT_NAME.app/Contents/MacOS/$PRODUCT_NAME\"\ninstall_name_tool -change libmpmCommon.dylib \"@rpath/libmpmCommon.dylib\" \"$TARGET_BUILD_DIR/$PRODUCT_NAME.app/Contents/MacOS/$PRODUCT_NAME\"\ninstall_name_tool -change libodLogging.dylib \"@rpath/libodLogging.dylib\" \"$TARGET_BUILD_DIR/$PRODUCT_NAME.app/Contents/MacOS/$PRODUCT_NAME\"\nmkdir -p \"$TARGET_BUILD_DIR/$PRODUCT_NAME.app/Contents/Resources/\"\ncp -f \"$ICON_FILE\" \"$TARGET_BUILD_DIR/$PRODUCT_NAME.app/Contents/Resources/\"";
		};
/* End PBXShellScriptBuildPhase section */

/* Begin PBXSourcesBuildPhase section */
		E4B69B580A3A1756003C02F2 /* Sources */ = {
			isa = PBXSourcesBuildPhase;
			buildActionMask = 2147483647;
			files = (
				DF0B251619F96D2B001AEB0C /* BackgroundScanner.cpp in Sources */,
				DF0B251D19F96D2B001AEB0C /* ServiceViewerApp.cpp in Sources */,
				DF0B251F19F96D2B001AEB0C /* Utilities.cpp in Sources */,
				DF0B251E19F96D2B001AEB0C /* ServiceViewerMain.cpp in Sources */,
				DF0B253419F96E17001AEB0C /* ofxLabel.cpp in Sources */,
				DF0B251C19F96D2B001AEB0C /* ServiceEntity.cpp in Sources */,
				DF0B251719F96D2B001AEB0C /* IconlessPanel.cpp in Sources */,
				DF0B251B19F96D2B001AEB0C /* PortPanel.cpp in Sources */,
				DF0B253519F96E17001AEB0C /* ofxPanel.cpp in Sources */,
				DF0B253219F96E17001AEB0C /* ofxButton.cpp in Sources */,
				DF0B251919F96D2B001AEB0C /* MovementTracker.cpp in Sources */,
				DF0B253819F96E17001AEB0C /* ofxToggle.cpp in Sources */,
				DF0B253319F96E17001AEB0C /* ofxGuiGroup.cpp in Sources */,
				DF0B253719F96E17001AEB0C /* ofxSliderGroup.cpp in Sources */,
				DF0B251819F96D2B001AEB0C /* LabelWithShadow.cpp in Sources */,
				DF0B253119F96E17001AEB0C /* ofxBaseGui.cpp in Sources */,
				DF0B253619F96E17001AEB0C /* ofxSlider.cpp in Sources */,
				DF0B251A19F96D2B001AEB0C /* PortEntry.cpp in Sources */,
			);
			runOnlyForDeploymentPostprocessing = 0;
		};
/* End PBXSourcesBuildPhase section */

/* Begin PBXTargetDependency section */
		E4EEB9AC138B136A00A80321 /* PBXTargetDependency */ = {
			isa = PBXTargetDependency;
			name = openFrameworks;
			targetProxy = E4EEB9AB138B136A00A80321 /* PBXContainerItemProxy */;
		};
/* End PBXTargetDependency section */

/* Begin XCBuildConfiguration section */
		E4B69B4E0A3A1720003C02F2 /* Debug */ = {
			isa = XCBuildConfiguration;
			baseConfigurationReference = E4EB6923138AFD0F00A09F29 /* Project.xcconfig */;
			buildSettings = {
				ARCHS = "$(NATIVE_ARCH)";
				CONFIGURATION_BUILD_DIR = "$(SRCROOT)/bin/";
				COPY_PHASE_STRIP = NO;
				DEAD_CODE_STRIPPING = YES;
				GCC_AUTO_VECTORIZATION = YES;
				GCC_ENABLE_SSE3_EXTENSIONS = YES;
				GCC_ENABLE_SUPPLEMENTAL_SSE3_INSTRUCTIONS = YES;
				GCC_INLINES_ARE_PRIVATE_EXTERN = NO;
				GCC_OPTIMIZATION_LEVEL = 0;
				GCC_SYMBOLS_PRIVATE_EXTERN = NO;
				GCC_WARN_ABOUT_DEPRECATED_FUNCTIONS = YES;
				GCC_WARN_ABOUT_INVALID_OFFSETOF_MACRO = NO;
				GCC_WARN_ALLOW_INCOMPLETE_PROTOCOL = NO;
				GCC_WARN_UNINITIALIZED_AUTOS = NO;
				GCC_WARN_UNUSED_VALUE = NO;
				GCC_WARN_UNUSED_VARIABLE = NO;
				HEADER_SEARCH_PATHS = (
					"$(OF_CORE_HEADERS)",
					src,
					"/opt/M+M/include",
				);
				LD_RUNPATH_SEARCH_PATHS = "/opt/M+M/lib";
				LIBRARY_SEARCH_PATHS = "/opt/M+M/lib";
				MACOSX_DEPLOYMENT_TARGET = 10.6;
				OTHER_CPLUSPLUSFLAGS = (
					"-D__MACOSX_CORE__",
					"-lpthread",
					"-mtune=native",
				);
				SDKROOT = macosx;
			};
			name = Debug;
		};
		E4B69B4F0A3A1720003C02F2 /* Release */ = {
			isa = XCBuildConfiguration;
			baseConfigurationReference = E4EB6923138AFD0F00A09F29 /* Project.xcconfig */;
			buildSettings = {
				ARCHS = "$(NATIVE_ARCH)";
				CONFIGURATION_BUILD_DIR = "$(SRCROOT)/bin/";
				COPY_PHASE_STRIP = YES;
				DEAD_CODE_STRIPPING = YES;
				GCC_AUTO_VECTORIZATION = YES;
				GCC_ENABLE_SSE3_EXTENSIONS = YES;
				GCC_ENABLE_SUPPLEMENTAL_SSE3_INSTRUCTIONS = YES;
				GCC_INLINES_ARE_PRIVATE_EXTERN = NO;
				GCC_OPTIMIZATION_LEVEL = 3;
				GCC_SYMBOLS_PRIVATE_EXTERN = NO;
				GCC_UNROLL_LOOPS = YES;
				GCC_WARN_ABOUT_DEPRECATED_FUNCTIONS = YES;
				GCC_WARN_ABOUT_INVALID_OFFSETOF_MACRO = NO;
				GCC_WARN_ALLOW_INCOMPLETE_PROTOCOL = NO;
				GCC_WARN_UNINITIALIZED_AUTOS = NO;
				GCC_WARN_UNUSED_VALUE = NO;
				GCC_WARN_UNUSED_VARIABLE = NO;
				HEADER_SEARCH_PATHS = (
					"$(OF_CORE_HEADERS)",
					src,
					"/opt/M+M/include",
				);
				LD_RUNPATH_SEARCH_PATHS = "/opt/M+M/lib";
				LIBRARY_SEARCH_PATHS = "/opt/M+M/lib";
				MACOSX_DEPLOYMENT_TARGET = 10.6;
				OTHER_CPLUSPLUSFLAGS = (
					"-D__MACOSX_CORE__",
					"-lpthread",
					"-mtune=native",
				);
				SDKROOT = macosx;
			};
			name = Release;
		};
		E4B69B600A3A1757003C02F2 /* Debug */ = {
			isa = XCBuildConfiguration;
			buildSettings = {
				COMBINE_HIDPI_IMAGES = YES;
				COPY_PHASE_STRIP = NO;
				FRAMEWORK_SEARCH_PATHS = (
					"$(inherited)",
					"$(FRAMEWORK_SEARCH_PATHS_QUOTED_FOR_TARGET_1)",
				);
				FRAMEWORK_SEARCH_PATHS_QUOTED_FOR_TARGET_1 = "\"$(SRCROOT)/../../../libs/glut/lib/osx\"";
				GCC_DYNAMIC_NO_PIC = NO;
				GCC_GENERATE_DEBUGGING_SYMBOLS = YES;
				GCC_MODEL_TUNING = NONE;
				ICON = "$(ICON_NAME_DEBUG)";
				ICON_FILE = "$(ICON_FILE_PATH)$(ICON)";
				INFOPLIST_FILE = "openFrameworks-Info.plist";
				INSTALL_PATH = "$(HOME)/Applications";
				PRODUCT_NAME = "$(TARGET_NAME)Debug";
				WRAPPER_EXTENSION = app;
			};
			name = Debug;
		};
		E4B69B610A3A1757003C02F2 /* Release */ = {
			isa = XCBuildConfiguration;
			buildSettings = {
				COMBINE_HIDPI_IMAGES = YES;
				COPY_PHASE_STRIP = YES;
				FRAMEWORK_SEARCH_PATHS = (
					"$(inherited)",
					"$(FRAMEWORK_SEARCH_PATHS_QUOTED_FOR_TARGET_1)",
				);
				FRAMEWORK_SEARCH_PATHS_QUOTED_FOR_TARGET_1 = "\"$(SRCROOT)/../../../libs/glut/lib/osx\"";
				GCC_GENERATE_DEBUGGING_SYMBOLS = YES;
				GCC_MODEL_TUNING = NONE;
				ICON = "$(ICON_NAME_RELEASE)";
				ICON_FILE = "$(ICON_FILE_PATH)$(ICON)";
				INFOPLIST_FILE = "openFrameworks-Info.plist";
				INSTALL_PATH = "$(HOME)/Applications";
				PRODUCT_NAME = "$(TARGET_NAME)";
				WRAPPER_EXTENSION = app;
			};
			name = Release;
		};
/* End XCBuildConfiguration section */

/* Begin XCConfigurationList section */
		E4B69B4D0A3A1720003C02F2 /* Build configuration list for PBXProject "ServiceViewer" */ = {
			isa = XCConfigurationList;
			buildConfigurations = (
				E4B69B4E0A3A1720003C02F2 /* Debug */,
				E4B69B4F0A3A1720003C02F2 /* Release */,
			);
			defaultConfigurationIsVisible = 0;
			defaultConfigurationName = Release;
		};
		E4B69B5F0A3A1757003C02F2 /* Build configuration list for PBXNativeTarget "ServiceViewer" */ = {
			isa = XCConfigurationList;
			buildConfigurations = (
				E4B69B600A3A1757003C02F2 /* Debug */,
				E4B69B610A3A1757003C02F2 /* Release */,
			);
			defaultConfigurationIsVisible = 0;
			defaultConfigurationName = Release;
		};
/* End XCConfigurationList section */
	};
	rootObject = E4B69B4C0A3A1720003C02F2 /* Project object */;
}
